
Microsoft Visual Studio Solution File, Format Version 12.00
# Visual Studio Version 17
VisualStudioVersion = 17.3.32929.385
MinimumVisualStudioVersion = 10.0.40219.1
Project("{FAE04EC0-301F-11D3-BF4B-00C04F79EFBC}") = "PokemonReviewApp", "PokemonReviewApp\PokemonReviewApp.csproj", "{A3BCE742-0F3F-460F-AC3D-0FEEFCB3AFF6}"
EndProject
Global
	GlobalSection(SolutionConfigurationPlatforms) = preSolution
		Debug|Any CPU = Debug|Any CPU
		Release|Any CPU = Release|Any CPU
	EndGlobalSection
	GlobalSection(ProjectConfigurationPlatforms) = postSolution
		{A3BCE742-0F3F-460F-AC3D-0FEEFCB3AFF6}.Debug|Any CPU.ActiveCfg = Debug|Any CPU
		{A3BCE742-0F3F-460F-AC3D-0FEEFCB3AFF6}.Debug|Any CPU.Build.0 = Debug|Any CPU
		{A3BCE742-0F3F-460F-AC3D-0FEEFCB3AFF6}.Release|Any CPU.ActiveCfg = Release|Any CPU
		{A3BCE742-0F3F-460F-AC3D-0FEEFCB3AFF6}.Release|Any CPU.Build.0 = Release|Any CPU
	EndGlobalSection
	GlobalSection(SolutionProperties) = preSolution
		HideSolutionNode = FALSE
	EndGlobalSection
	GlobalSection(ExtensibilityGlobals) = postSolution
		SolutionGuid = {4F32742B-89EC-454B-AE75-2EFA7074916D}
	EndGlobalSection
EndGlobal
